
Microsoft Visual Studio Solution File, Format Version 12.00
# Visual Studio Version 17
VisualStudioVersion = 17.4.33213.308
MinimumVisualStudioVersion = 10.0.40219.1
Project("{9A19103F-16F7-4668-BE54-9A1E7A4F7556}") = "WS_VINOTRIP", "WS_VINOTRIP\WS_VINOTRIP.csproj", "{879074E2-0743-4588-9E06-70FAD5960F77}"
EndProject
Project("{FAE04EC0-301F-11D3-BF4B-00C04F79EFBC}") = "WS_VINOTRIPTests", "WS_VINOTRIPTests\WS_VINOTRIPTests.csproj", "{EABACDEB-BCB8-453E-9491-1D2777BA565B}"
EndProject
Global
	GlobalSection(SolutionConfigurationPlatforms) = preSolution
		Debug|Any CPU = Debug|Any CPU
		Release|Any CPU = Release|Any CPU
	EndGlobalSection
	GlobalSection(ProjectConfigurationPlatforms) = postSolution
		{879074E2-0743-4588-9E06-70FAD5960F77}.Debug|Any CPU.ActiveCfg = Debug|Any CPU
		{879074E2-0743-4588-9E06-70FAD5960F77}.Debug|Any CPU.Build.0 = Debug|Any CPU
		{879074E2-0743-4588-9E06-70FAD5960F77}.Release|Any CPU.ActiveCfg = Release|Any CPU
		{879074E2-0743-4588-9E06-70FAD5960F77}.Release|Any CPU.Build.0 = Release|Any CPU
		{EABACDEB-BCB8-453E-9491-1D2777BA565B}.Debug|Any CPU.ActiveCfg = Debug|Any CPU
		{EABACDEB-BCB8-453E-9491-1D2777BA565B}.Debug|Any CPU.Build.0 = Debug|Any CPU
		{EABACDEB-BCB8-453E-9491-1D2777BA565B}.Release|Any CPU.ActiveCfg = Release|Any CPU
		{EABACDEB-BCB8-453E-9491-1D2777BA565B}.Release|Any CPU.Build.0 = Release|Any CPU
	EndGlobalSection
	GlobalSection(SolutionProperties) = preSolution
		HideSolutionNode = FALSE
	EndGlobalSection
	GlobalSection(ExtensibilityGlobals) = postSolution
		SolutionGuid = {7A52CA96-16AC-4377-9A34-35581E7296D9}
	EndGlobalSection
EndGlobal
